
Microsoft Visual Studio Solution File, Format Version 12.00
# Visual Studio Version 17
VisualStudioVersion = 17.9.34902.65
MinimumVisualStudioVersion = 10.0.40219.1
Project("{9A19103F-16F7-4668-BE54-9A1E7A4F7556}") = "Modulartistic", "Modulartistic\Modulartistic.csproj", "{645E0B27-264C-4D89-B756-1F1527A52430}"
EndProject
Project("{9A19103F-16F7-4668-BE54-9A1E7A4F7556}") = "Modulartistic.Core", "Modulartistic.Core\Modulartistic.Core.csproj", "{607CF145-58AC-4A00-9E88-56FA100BA942}"
EndProject
Project("{9A19103F-16F7-4668-BE54-9A1E7A4F7556}") = "Modulartistic.Drawing", "Modulartistic.Drawing\Modulartistic.Drawing.csproj", "{F4098910-F135-4569-8BD1-7635E30EB82B}"
EndProject
Project("{9A19103F-16F7-4668-BE54-9A1E7A4F7556}") = "Modulartistic.Core.Tests", "Modulartistic.Core.Tests\Modulartistic.Core.Tests.csproj", "{CA518C6D-7611-41FC-8404-D08E3676CA3F}"
EndProject
Project("{9A19103F-16F7-4668-BE54-9A1E7A4F7556}") = "Modulartistic.Common", "Modulartistic.Common\Modulartistic.Common.csproj", "{4A7B42DC-8CE1-48B1-A695-FCAA728FC094}"
EndProject
Project("{9A19103F-16F7-4668-BE54-9A1E7A4F7556}") = "Modulartistic.AddOns.AudioVisualization", "AddOns\Modulartistic.AddOns.AudioVisualization\Modulartistic.AddOns.AudioVisualization.csproj", "{4583589D-39F3-4A02-8FC4-0A7C36FD5BD5}"
EndProject
Project("{2150E333-8FDC-42A3-9474-1A3956D46DE8}") = "AddOns", "AddOns", "{30C9620A-84DA-45BB-89AB-AF09FB03A11E}"
EndProject
Project("{9A19103F-16F7-4668-BE54-9A1E7A4F7556}") = "Modulartistic.AddOns.Debug", "AddOns\Modulartistic.AddOns.Debug\Modulartistic.AddOns.Debug.csproj", "{4F744DE9-582F-4248-BE8A-613251126A19}"
EndProject
Project("{9A19103F-16F7-4668-BE54-9A1E7A4F7556}") = "Modulartistic.AddOns.Fractals", "AddOns\Modulartistic.AddOns.Fractals\Modulartistic.AddOns.Fractals.csproj", "{6847A80D-6A81-44B0-93DA-3F38EDDB9324}"
EndProject
Project("{9A19103F-16F7-4668-BE54-9A1E7A4F7556}") = "Modulartistic.AddOns.Image", "AddOns\Modulartistic.AddOns.Image\Modulartistic.AddOns.Image.csproj", "{5EA006C5-EA7C-4979-999A-5CCD9F0C183D}"
EndProject
Project("{9A19103F-16F7-4668-BE54-9A1E7A4F7556}") = "Modulartistic.AddOns.Math", "AddOns\Modulartistic.AddOns.Math\Modulartistic.AddOns.Math.csproj", "{FA67C7FC-FC96-4089-9074-52E85C981D1C}"
EndProject
Project("{9A19103F-16F7-4668-BE54-9A1E7A4F7556}") = "Modulartistic.AddOns.Misc", "AddOns\Modulartistic.AddOns.Misc\Modulartistic.AddOns.Misc.csproj", "{8AA3DDC1-1E8E-4195-908D-D81979F51206}"
EndProject
Project("{9A19103F-16F7-4668-BE54-9A1E7A4F7556}") = "Modulartistic.AddOns.IFS", "AddOns\Modulartistic.AddOns.IFS\Modulartistic.AddOns.IFS.csproj", "{3C932C68-235A-4DF1-B38A-C6E44F6E02C9}"
EndProject
Project("{9A19103F-16F7-4668-BE54-9A1E7A4F7556}") = "Modulartistic.AddOns.Complex", "AddOns\Modulartistic.AddOns.Complex\Modulartistic.AddOns.Complex.csproj", "{594243B7-9944-4BC0-92B3-219638CEF06F}"
EndProject
Global
	GlobalSection(SolutionConfigurationPlatforms) = preSolution
		Debug|Any CPU = Debug|Any CPU
		Release|Any CPU = Release|Any CPU
	EndGlobalSection
	GlobalSection(ProjectConfigurationPlatforms) = postSolution
		{645E0B27-264C-4D89-B756-1F1527A52430}.Debug|Any CPU.ActiveCfg = Debug|Any CPU
		{645E0B27-264C-4D89-B756-1F1527A52430}.Debug|Any CPU.Build.0 = Debug|Any CPU
		{645E0B27-264C-4D89-B756-1F1527A52430}.Release|Any CPU.ActiveCfg = Release|Any CPU
		{645E0B27-264C-4D89-B756-1F1527A52430}.Release|Any CPU.Build.0 = Release|Any CPU
		{607CF145-58AC-4A00-9E88-56FA100BA942}.Debug|Any CPU.ActiveCfg = Debug|Any CPU
		{607CF145-58AC-4A00-9E88-56FA100BA942}.Debug|Any CPU.Build.0 = Debug|Any CPU
		{607CF145-58AC-4A00-9E88-56FA100BA942}.Release|Any CPU.ActiveCfg = Release|Any CPU
		{607CF145-58AC-4A00-9E88-56FA100BA942}.Release|Any CPU.Build.0 = Release|Any CPU
		{F4098910-F135-4569-8BD1-7635E30EB82B}.Debug|Any CPU.ActiveCfg = Debug|Any CPU
		{F4098910-F135-4569-8BD1-7635E30EB82B}.Debug|Any CPU.Build.0 = Debug|Any CPU
		{F4098910-F135-4569-8BD1-7635E30EB82B}.Release|Any CPU.ActiveCfg = Release|Any CPU
		{F4098910-F135-4569-8BD1-7635E30EB82B}.Release|Any CPU.Build.0 = Release|Any CPU
		{CA518C6D-7611-41FC-8404-D08E3676CA3F}.Debug|Any CPU.ActiveCfg = Debug|Any CPU
		{CA518C6D-7611-41FC-8404-D08E3676CA3F}.Debug|Any CPU.Build.0 = Debug|Any CPU
		{CA518C6D-7611-41FC-8404-D08E3676CA3F}.Release|Any CPU.ActiveCfg = Release|Any CPU
		{CA518C6D-7611-41FC-8404-D08E3676CA3F}.Release|Any CPU.Build.0 = Release|Any CPU
		{4A7B42DC-8CE1-48B1-A695-FCAA728FC094}.Debug|Any CPU.ActiveCfg = Debug|Any CPU
		{4A7B42DC-8CE1-48B1-A695-FCAA728FC094}.Debug|Any CPU.Build.0 = Debug|Any CPU
		{4A7B42DC-8CE1-48B1-A695-FCAA728FC094}.Release|Any CPU.ActiveCfg = Release|Any CPU
		{4A7B42DC-8CE1-48B1-A695-FCAA728FC094}.Release|Any CPU.Build.0 = Release|Any CPU
		{4583589D-39F3-4A02-8FC4-0A7C36FD5BD5}.Debug|Any CPU.ActiveCfg = Debug|Any CPU
		{4583589D-39F3-4A02-8FC4-0A7C36FD5BD5}.Debug|Any CPU.Build.0 = Debug|Any CPU
		{4583589D-39F3-4A02-8FC4-0A7C36FD5BD5}.Release|Any CPU.ActiveCfg = Release|Any CPU
		{4583589D-39F3-4A02-8FC4-0A7C36FD5BD5}.Release|Any CPU.Build.0 = Release|Any CPU
		{4F744DE9-582F-4248-BE8A-613251126A19}.Debug|Any CPU.ActiveCfg = Debug|Any CPU
		{4F744DE9-582F-4248-BE8A-613251126A19}.Debug|Any CPU.Build.0 = Debug|Any CPU
		{4F744DE9-582F-4248-BE8A-613251126A19}.Release|Any CPU.ActiveCfg = Release|Any CPU
		{4F744DE9-582F-4248-BE8A-613251126A19}.Release|Any CPU.Build.0 = Release|Any CPU
		{6847A80D-6A81-44B0-93DA-3F38EDDB9324}.Debug|Any CPU.ActiveCfg = Debug|Any CPU
		{6847A80D-6A81-44B0-93DA-3F38EDDB9324}.Debug|Any CPU.Build.0 = Debug|Any CPU
		{6847A80D-6A81-44B0-93DA-3F38EDDB9324}.Release|Any CPU.ActiveCfg = Release|Any CPU
		{6847A80D-6A81-44B0-93DA-3F38EDDB9324}.Release|Any CPU.Build.0 = Release|Any CPU
		{5EA006C5-EA7C-4979-999A-5CCD9F0C183D}.Debug|Any CPU.ActiveCfg = Debug|Any CPU
		{5EA006C5-EA7C-4979-999A-5CCD9F0C183D}.Debug|Any CPU.Build.0 = Debug|Any CPU
		{5EA006C5-EA7C-4979-999A-5CCD9F0C183D}.Release|Any CPU.ActiveCfg = Release|Any CPU
		{5EA006C5-EA7C-4979-999A-5CCD9F0C183D}.Release|Any CPU.Build.0 = Release|Any CPU
		{FA67C7FC-FC96-4089-9074-52E85C981D1C}.Debug|Any CPU.ActiveCfg = Debug|Any CPU
		{FA67C7FC-FC96-4089-9074-52E85C981D1C}.Debug|Any CPU.Build.0 = Debug|Any CPU
		{FA67C7FC-FC96-4089-9074-52E85C981D1C}.Release|Any CPU.ActiveCfg = Release|Any CPU
		{FA67C7FC-FC96-4089-9074-52E85C981D1C}.Release|Any CPU.Build.0 = Release|Any CPU
		{8AA3DDC1-1E8E-4195-908D-D81979F51206}.Debug|Any CPU.ActiveCfg = Debug|Any CPU
		{8AA3DDC1-1E8E-4195-908D-D81979F51206}.Debug|Any CPU.Build.0 = Debug|Any CPU
		{8AA3DDC1-1E8E-4195-908D-D81979F51206}.Release|Any CPU.ActiveCfg = Release|Any CPU
		{8AA3DDC1-1E8E-4195-908D-D81979F51206}.Release|Any CPU.Build.0 = Release|Any CPU
		{3C932C68-235A-4DF1-B38A-C6E44F6E02C9}.Debug|Any CPU.ActiveCfg = Debug|Any CPU
		{3C932C68-235A-4DF1-B38A-C6E44F6E02C9}.Debug|Any CPU.Build.0 = Debug|Any CPU
		{3C932C68-235A-4DF1-B38A-C6E44F6E02C9}.Release|Any CPU.ActiveCfg = Release|Any CPU
		{3C932C68-235A-4DF1-B38A-C6E44F6E02C9}.Release|Any CPU.Build.0 = Release|Any CPU
		{594243B7-9944-4BC0-92B3-219638CEF06F}.Debug|Any CPU.ActiveCfg = Debug|Any CPU
		{594243B7-9944-4BC0-92B3-219638CEF06F}.Debug|Any CPU.Build.0 = Debug|Any CPU
		{594243B7-9944-4BC0-92B3-219638CEF06F}.Release|Any CPU.ActiveCfg = Release|Any CPU
		{594243B7-9944-4BC0-92B3-219638CEF06F}.Release|Any CPU.Build.0 = Release|Any CPU
	EndGlobalSection
	GlobalSection(SolutionProperties) = preSolution
		HideSolutionNode = FALSE
	EndGlobalSection
	GlobalSection(NestedProjects) = preSolution
		{4583589D-39F3-4A02-8FC4-0A7C36FD5BD5} = {30C9620A-84DA-45BB-89AB-AF09FB03A11E}
		{4F744DE9-582F-4248-BE8A-613251126A19} = {30C9620A-84DA-45BB-89AB-AF09FB03A11E}
		{6847A80D-6A81-44B0-93DA-3F38EDDB9324} = {30C9620A-84DA-45BB-89AB-AF09FB03A11E}
		{5EA006C5-EA7C-4979-999A-5CCD9F0C183D} = {30C9620A-84DA-45BB-89AB-AF09FB03A11E}
		{FA67C7FC-FC96-4089-9074-52E85C981D1C} = {30C9620A-84DA-45BB-89AB-AF09FB03A11E}
		{8AA3DDC1-1E8E-4195-908D-D81979F51206} = {30C9620A-84DA-45BB-89AB-AF09FB03A11E}
		{3C932C68-235A-4DF1-B38A-C6E44F6E02C9} = {30C9620A-84DA-45BB-89AB-AF09FB03A11E}
		{594243B7-9944-4BC0-92B3-219638CEF06F} = {30C9620A-84DA-45BB-89AB-AF09FB03A11E}
	EndGlobalSection
	GlobalSection(ExtensibilityGlobals) = postSolution
		SolutionGuid = {19857336-0067-46DF-A798-2C8D7DD50364}
	EndGlobalSection
EndGlobal
